
Microsoft Visual Studio Solution File, Format Version 12.00
# Visual Studio 14
VisualStudioVersion = 14.0.25123.0
MinimumVisualStudioVersion = 10.0.40219.1
Project("{FAE04EC0-301F-11D3-BF4B-00C04F79EFBC}") = "AzizaMapReducer", "AzizaMapReducer\AzizaMapReducer.csproj", "{D2173064-FC01-4545-9B3F-AC6B80D546EB}"
EndProject
Project("{FAE04EC0-301F-11D3-BF4B-00C04F79EFBC}") = "AzizaHadoopStatistics", "AzizaHadoopStatistics\AzizaHadoopStatistics.csproj", "{6E6A27BC-5288-4BB3-9C96-59FEA3F73198}"
EndProject
Global
	GlobalSection(SolutionConfigurationPlatforms) = preSolution
		Debug|Any CPU = Debug|Any CPU
		Release|Any CPU = Release|Any CPU
	EndGlobalSection
	GlobalSection(ProjectConfigurationPlatforms) = postSolution
		{D2173064-FC01-4545-9B3F-AC6B80D546EB}.Debug|Any CPU.ActiveCfg = Debug|Any CPU
		{D2173064-FC01-4545-9B3F-AC6B80D546EB}.Debug|Any CPU.Build.0 = Debug|Any CPU
		{D2173064-FC01-4545-9B3F-AC6B80D546EB}.Release|Any CPU.ActiveCfg = Release|Any CPU
		{D2173064-FC01-4545-9B3F-AC6B80D546EB}.Release|Any CPU.Build.0 = Release|Any CPU
		{6E6A27BC-5288-4BB3-9C96-59FEA3F73198}.Debug|Any CPU.ActiveCfg = Debug|Any CPU
		{6E6A27BC-5288-4BB3-9C96-59FEA3F73198}.Debug|Any CPU.Build.0 = Debug|Any CPU
		{6E6A27BC-5288-4BB3-9C96-59FEA3F73198}.Release|Any CPU.ActiveCfg = Release|Any CPU
		{6E6A27BC-5288-4BB3-9C96-59FEA3F73198}.Release|Any CPU.Build.0 = Release|Any CPU
	EndGlobalSection
	GlobalSection(SolutionProperties) = preSolution
		HideSolutionNode = FALSE
	EndGlobalSection
EndGlobal
